{
  "version": 4,
  "terraform_version": "1.2.8",
  "serial": 3,
  "lineage": "53c54bb0-0ef0-4cb1-b322-c86dc632fd9c",
  "outputs": {},
  "resources": [
    {
      "mode": "managed",
      "type": "aws_vpc",
      "name": "a206399-enterprise-vpc-prod-use1",
      "provider": "provider[\"registry.terraform.io/hashicorp/aws\"]",
      "instances": [
        {
          "schema_version": 1,
          "attributes": {
            "arn": "arn:aws:ec2:us-east-1:633017616022:vpc/vpc-072b2424cc9712d68",
            "assign_generated_ipv6_cidr_block": false,
            "cidr_block": "10.1.0.0/16",
            "default_network_acl_id": "acl-09c4658b7ee33d83d",
            "default_route_table_id": "rtb-0b60d7b255232b44e",
            "default_security_group_id": "sg-019d9a017ad550ba1",
            "dhcp_options_id": "dopt-0f1b65b87ac6c13bb",
            "enable_classiclink": false,
            "enable_classiclink_dns_support": false,
            "enable_dns_hostnames": false,
            "enable_dns_support": true,
            "id": "vpc-072b2424cc9712d68",
            "instance_tenancy": "default",
            "ipv4_ipam_pool_id": null,
            "ipv4_netmask_length": null,
            "ipv6_association_id": "",
            "ipv6_cidr_block": "",
            "ipv6_cidr_block_network_border_group": "",
            "ipv6_ipam_pool_id": "",
            "ipv6_netmask_length": 0,
            "main_route_table_id": "rtb-0b60d7b255232b44e",
            "owner_id": "633017616022",
            "tags": {
              "Name": "a206399-enterprise-vpc-prod-use1"
            },
            "tags_all": {
              "Name": "a206399-enterprise-vpc-prod-use1"
            }
          },
          "sensitive_attributes": [],
          "private": "eyJzY2hlbWFfdmVyc2lvbiI6IjEifQ=="
        }
      ]
    }
  ]
}
